
Microsoft Visual Studio Solution File, Format Version 12.00
# Visual Studio 14
VisualStudioVersion = 14.0.25420.1
MinimumVisualStudioVersion = 10.0.40219.1
Project("{FAE04EC0-301F-11D3-BF4B-00C04F79EFBC}") = "Analit.App", "Analit.App\Analit.App.csproj", "{1E1EBD1D-F476-4C4A-9E6E-3CF471791E75}"
EndProject
Project("{FAE04EC0-301F-11D3-BF4B-00C04F79EFBC}") = "Analit.Data", "Analit.Data\Analit.Data.csproj", "{40CD7BA3-813E-40A3-BA90-FFEAA228000C}"
EndProject
Project("{FAE04EC0-301F-11D3-BF4B-00C04F79EFBC}") = "Analit.Common", "Analit.Common\Analit.Common.csproj", "{90BFE89D-608E-46CE-B3C1-0DB2FBD6CCF7}"
EndProject
Project("{FAE04EC0-301F-11D3-BF4B-00C04F79EFBC}") = "Analit.Service", "Analit.Service\Analit.Service.csproj", "{C548E53D-8AFB-40BA-9011-C759F3B6CE32}"
EndProject
Project("{FAE04EC0-301F-11D3-BF4B-00C04F79EFBC}") = "Analit.Service.Contract", "Analit.Service.Contract\Analit.Service.Contract.csproj", "{843843F3-B1B6-486C-9EFE-D003945FF0E3}"
EndProject
Project("{FAE04EC0-301F-11D3-BF4B-00C04F79EFBC}") = "Analit.Data.Contract", "Analit.Data.Contract\Analit.Data.Contract.csproj", "{51816B83-9634-4C2F-95CA-18B80F615B36}"
EndProject
Global
	GlobalSection(SolutionConfigurationPlatforms) = preSolution
		Debug|Any CPU = Debug|Any CPU
		Release|Any CPU = Release|Any CPU
	EndGlobalSection
	GlobalSection(ProjectConfigurationPlatforms) = postSolution
		{1E1EBD1D-F476-4C4A-9E6E-3CF471791E75}.Debug|Any CPU.ActiveCfg = Debug|Any CPU
		{1E1EBD1D-F476-4C4A-9E6E-3CF471791E75}.Debug|Any CPU.Build.0 = Debug|Any CPU
		{1E1EBD1D-F476-4C4A-9E6E-3CF471791E75}.Release|Any CPU.ActiveCfg = Release|Any CPU
		{1E1EBD1D-F476-4C4A-9E6E-3CF471791E75}.Release|Any CPU.Build.0 = Release|Any CPU
		{40CD7BA3-813E-40A3-BA90-FFEAA228000C}.Debug|Any CPU.ActiveCfg = Debug|Any CPU
		{40CD7BA3-813E-40A3-BA90-FFEAA228000C}.Debug|Any CPU.Build.0 = Debug|Any CPU
		{40CD7BA3-813E-40A3-BA90-FFEAA228000C}.Release|Any CPU.ActiveCfg = Release|Any CPU
		{40CD7BA3-813E-40A3-BA90-FFEAA228000C}.Release|Any CPU.Build.0 = Release|Any CPU
		{90BFE89D-608E-46CE-B3C1-0DB2FBD6CCF7}.Debug|Any CPU.ActiveCfg = Debug|Any CPU
		{90BFE89D-608E-46CE-B3C1-0DB2FBD6CCF7}.Debug|Any CPU.Build.0 = Debug|Any CPU
		{90BFE89D-608E-46CE-B3C1-0DB2FBD6CCF7}.Release|Any CPU.ActiveCfg = Release|Any CPU
		{90BFE89D-608E-46CE-B3C1-0DB2FBD6CCF7}.Release|Any CPU.Build.0 = Release|Any CPU
		{C548E53D-8AFB-40BA-9011-C759F3B6CE32}.Debug|Any CPU.ActiveCfg = Debug|Any CPU
		{C548E53D-8AFB-40BA-9011-C759F3B6CE32}.Debug|Any CPU.Build.0 = Debug|Any CPU
		{C548E53D-8AFB-40BA-9011-C759F3B6CE32}.Release|Any CPU.ActiveCfg = Release|Any CPU
		{C548E53D-8AFB-40BA-9011-C759F3B6CE32}.Release|Any CPU.Build.0 = Release|Any CPU
		{843843F3-B1B6-486C-9EFE-D003945FF0E3}.Debug|Any CPU.ActiveCfg = Debug|Any CPU
		{843843F3-B1B6-486C-9EFE-D003945FF0E3}.Debug|Any CPU.Build.0 = Debug|Any CPU
		{843843F3-B1B6-486C-9EFE-D003945FF0E3}.Release|Any CPU.ActiveCfg = Release|Any CPU
		{843843F3-B1B6-486C-9EFE-D003945FF0E3}.Release|Any CPU.Build.0 = Release|Any CPU
		{51816B83-9634-4C2F-95CA-18B80F615B36}.Debug|Any CPU.ActiveCfg = Debug|Any CPU
		{51816B83-9634-4C2F-95CA-18B80F615B36}.Debug|Any CPU.Build.0 = Debug|Any CPU
		{51816B83-9634-4C2F-95CA-18B80F615B36}.Release|Any CPU.ActiveCfg = Release|Any CPU
		{51816B83-9634-4C2F-95CA-18B80F615B36}.Release|Any CPU.Build.0 = Release|Any CPU
	EndGlobalSection
	GlobalSection(SolutionProperties) = preSolution
		HideSolutionNode = FALSE
	EndGlobalSection
EndGlobal
